
Microsoft Visual Studio Solution File, Format Version 12.00
# Visual Studio Version 16
VisualStudioVersion = 16.0.29102.190
MinimumVisualStudioVersion = 10.0.40219.1
Project("{8BC9CEB8-8B4A-11D0-8D11-00A0C91BC942}") = "CIS170C_RiegerL_Lab03A", "CIS170C_RiegerL_Lab03A\CIS170C_RiegerL_Lab03A.vcxproj", "{0EF6D5BA-B369-4033-BB41-F5D0E749760A}"
EndProject
Global
	GlobalSection(SolutionConfigurationPlatforms) = preSolution
		Debug|x64 = Debug|x64
		Debug|x86 = Debug|x86
		Release|x64 = Release|x64
		Release|x86 = Release|x86
	EndGlobalSection
	GlobalSection(ProjectConfigurationPlatforms) = postSolution
		{0EF6D5BA-B369-4033-BB41-F5D0E749760A}.Debug|x64.ActiveCfg = Debug|x64
		{0EF6D5BA-B369-4033-BB41-F5D0E749760A}.Debug|x64.Build.0 = Debug|x64
		{0EF6D5BA-B369-4033-BB41-F5D0E749760A}.Debug|x86.ActiveCfg = Debug|Win32
		{0EF6D5BA-B369-4033-BB41-F5D0E749760A}.Debug|x86.Build.0 = Debug|Win32
		{0EF6D5BA-B369-4033-BB41-F5D0E749760A}.Release|x64.ActiveCfg = Release|x64
		{0EF6D5BA-B369-4033-BB41-F5D0E749760A}.Release|x64.Build.0 = Release|x64
		{0EF6D5BA-B369-4033-BB41-F5D0E749760A}.Release|x86.ActiveCfg = Release|Win32
		{0EF6D5BA-B369-4033-BB41-F5D0E749760A}.Release|x86.Build.0 = Release|Win32
	EndGlobalSection
	GlobalSection(SolutionProperties) = preSolution
		HideSolutionNode = FALSE
	EndGlobalSection
	GlobalSection(ExtensibilityGlobals) = postSolution
		SolutionGuid = {26DE28BE-3D72-46F7-8687-A90E2D80C634}
	EndGlobalSection
EndGlobal
